{
    "name": "3D-Maze",
    "lockfileVersion": 2,
    "requires": true,
    "packages": {
        "": {
            "dependencies": {
                "circular-json": "^0.5.9",
                "circular-json-es6": "^2.0.2"
            }
        },
        "node_modules/circular-json": {
            "version": "0.5.9",
            "resolved": "https://registry.npmjs.org/circular-json/-/circular-json-0.5.9.tgz",
            "integrity": "sha512-4ivwqHpIFJZBuhN3g/pEcdbnGUywkBblloGbkglyloVjjR3uT6tieI89MVOfbP2tHX5sgb01FuLgAOzebNlJNQ==",
            "deprecated": "CircularJSON is in maintenance only, flatted is its successor."
        },
        "node_modules/circular-json-es6": {
            "version": "2.0.2",
            "resolved": "https://registry.npmjs.org/circular-json-es6/-/circular-json-es6-2.0.2.tgz",
            "integrity": "sha512-ODYONMMNb3p658Zv+Pp+/XPa5s6q7afhz3Tzyvo+VRh9WIrJ64J76ZC4GQxnlye/NesTn09jvOiuE8+xxfpwhQ=="
        }
    },
    "dependencies": {
        "circular-json": {
            "version": "0.5.9",
            "resolved": "https://registry.npmjs.org/circular-json/-/circular-json-0.5.9.tgz",
            "integrity": "sha512-4ivwqHpIFJZBuhN3g/pEcdbnGUywkBblloGbkglyloVjjR3uT6tieI89MVOfbP2tHX5sgb01FuLgAOzebNlJNQ=="
        },
        "circular-json-es6": {
            "version": "2.0.2",
            "resolved": "https://registry.npmjs.org/circular-json-es6/-/circular-json-es6-2.0.2.tgz",
            "integrity": "sha512-ODYONMMNb3p658Zv+Pp+/XPa5s6q7afhz3Tzyvo+VRh9WIrJ64J76ZC4GQxnlye/NesTn09jvOiuE8+xxfpwhQ=="
        }
    }
}
